
Microsoft Visual Studio Solution File, Format Version 12.00
# Visual Studio Version 17
VisualStudioVersion = 17.2.32630.192
MinimumVisualStudioVersion = 10.0.40219.1
Project("{9A19103F-16F7-4668-BE54-9A1E7A4F7556}") = "Proje04_VeriErisimSinifi", "Proje04_VeriErisimSinifi.csproj", "{2C5EDCE5-93B3-47E6-888D-6D142DE89CC2}"
EndProject
Global
	GlobalSection(SolutionConfigurationPlatforms) = preSolution
		Debug|Any CPU = Debug|Any CPU
		Release|Any CPU = Release|Any CPU
	EndGlobalSection
	GlobalSection(ProjectConfigurationPlatforms) = postSolution
		{2C5EDCE5-93B3-47E6-888D-6D142DE89CC2}.Debug|Any CPU.ActiveCfg = Debug|Any CPU
		{2C5EDCE5-93B3-47E6-888D-6D142DE89CC2}.Debug|Any CPU.Build.0 = Debug|Any CPU
		{2C5EDCE5-93B3-47E6-888D-6D142DE89CC2}.Release|Any CPU.ActiveCfg = Release|Any CPU
		{2C5EDCE5-93B3-47E6-888D-6D142DE89CC2}.Release|Any CPU.Build.0 = Release|Any CPU
	EndGlobalSection
	GlobalSection(SolutionProperties) = preSolution
		HideSolutionNode = FALSE
	EndGlobalSection
	GlobalSection(ExtensibilityGlobals) = postSolution
		SolutionGuid = {99ADE591-3E06-4932-ADD3-90FD10E3099F}
	EndGlobalSection
EndGlobal
