
Microsoft Visual Studio Solution File, Format Version 12.00
# Visual Studio Version 17
VisualStudioVersion = 17.2.32630.192
MinimumVisualStudioVersion = 10.0.40219.1
Project("{FAE04EC0-301F-11D3-BF4B-00C04F79EFBC}") = "Proje08_Abstract", "Proje08_Abstract.csproj", "{5E0AC056-E411-4265-A2BC-62D3228F93F6}"
EndProject
Global
	GlobalSection(SolutionConfigurationPlatforms) = preSolution
		Debug|Any CPU = Debug|Any CPU
		Release|Any CPU = Release|Any CPU
	EndGlobalSection
	GlobalSection(ProjectConfigurationPlatforms) = postSolution
		{5E0AC056-E411-4265-A2BC-62D3228F93F6}.Debug|Any CPU.ActiveCfg = Debug|Any CPU
		{5E0AC056-E411-4265-A2BC-62D3228F93F6}.Debug|Any CPU.Build.0 = Debug|Any CPU
		{5E0AC056-E411-4265-A2BC-62D3228F93F6}.Release|Any CPU.ActiveCfg = Release|Any CPU
		{5E0AC056-E411-4265-A2BC-62D3228F93F6}.Release|Any CPU.Build.0 = Release|Any CPU
	EndGlobalSection
	GlobalSection(SolutionProperties) = preSolution
		HideSolutionNode = FALSE
	EndGlobalSection
	GlobalSection(ExtensibilityGlobals) = postSolution
		SolutionGuid = {F436E0B4-6068-434A-B329-489FDA3CD709}
	EndGlobalSection
EndGlobal
