
Microsoft Visual Studio Solution File, Format Version 12.00
# Visual Studio Version 17
VisualStudioVersion = 17.4.33110.190
MinimumVisualStudioVersion = 10.0.40219.1
Project("{FAE04EC0-301F-11D3-BF4B-00C04F79EFBC}") = "BlogApp.Entities", "BlogApp.Entities\BlogApp.Entities.csproj", "{55071E38-AB22-4C27-947C-46F176461B1F}"
EndProject
Project("{FAE04EC0-301F-11D3-BF4B-00C04F79EFBC}") = "BlogApp.Data", "BlogApp.Data\BlogApp.Data.csproj", "{C9345B0A-8526-4A4A-B033-9DD70A9ABBCE}"
EndProject
Project("{FAE04EC0-301F-11D3-BF4B-00C04F79EFBC}") = "BlogApp.Service", "BlogApp.Service\BlogApp.Service.csproj", "{7FABAF16-0955-4911-B2C2-7EA20E38BB0D}"
EndProject
Project("{FAE04EC0-301F-11D3-BF4B-00C04F79EFBC}") = "BlogApp.Shared", "BlogApp.Shared\BlogApp.Shared.csproj", "{4111AEA4-33AA-4A23-8FA4-1A715C4226DA}"
EndProject
Project("{FAE04EC0-301F-11D3-BF4B-00C04F79EFBC}") = "BlogApp.Mvc", "BlogApp.Mvc\BlogApp.Mvc.csproj", "{DCA7D1CC-A975-4DE0-8903-4BD380235E91}"
EndProject
Global
	GlobalSection(SolutionConfigurationPlatforms) = preSolution
		Debug|Any CPU = Debug|Any CPU
		Release|Any CPU = Release|Any CPU
	EndGlobalSection
	GlobalSection(ProjectConfigurationPlatforms) = postSolution
		{55071E38-AB22-4C27-947C-46F176461B1F}.Debug|Any CPU.ActiveCfg = Debug|Any CPU
		{55071E38-AB22-4C27-947C-46F176461B1F}.Debug|Any CPU.Build.0 = Debug|Any CPU
		{55071E38-AB22-4C27-947C-46F176461B1F}.Release|Any CPU.ActiveCfg = Release|Any CPU
		{55071E38-AB22-4C27-947C-46F176461B1F}.Release|Any CPU.Build.0 = Release|Any CPU
		{C9345B0A-8526-4A4A-B033-9DD70A9ABBCE}.Debug|Any CPU.ActiveCfg = Debug|Any CPU
		{C9345B0A-8526-4A4A-B033-9DD70A9ABBCE}.Debug|Any CPU.Build.0 = Debug|Any CPU
		{C9345B0A-8526-4A4A-B033-9DD70A9ABBCE}.Release|Any CPU.ActiveCfg = Release|Any CPU
		{C9345B0A-8526-4A4A-B033-9DD70A9ABBCE}.Release|Any CPU.Build.0 = Release|Any CPU
		{7FABAF16-0955-4911-B2C2-7EA20E38BB0D}.Debug|Any CPU.ActiveCfg = Debug|Any CPU
		{7FABAF16-0955-4911-B2C2-7EA20E38BB0D}.Debug|Any CPU.Build.0 = Debug|Any CPU
		{7FABAF16-0955-4911-B2C2-7EA20E38BB0D}.Release|Any CPU.ActiveCfg = Release|Any CPU
		{7FABAF16-0955-4911-B2C2-7EA20E38BB0D}.Release|Any CPU.Build.0 = Release|Any CPU
		{4111AEA4-33AA-4A23-8FA4-1A715C4226DA}.Debug|Any CPU.ActiveCfg = Debug|Any CPU
		{4111AEA4-33AA-4A23-8FA4-1A715C4226DA}.Debug|Any CPU.Build.0 = Debug|Any CPU
		{4111AEA4-33AA-4A23-8FA4-1A715C4226DA}.Release|Any CPU.ActiveCfg = Release|Any CPU
		{4111AEA4-33AA-4A23-8FA4-1A715C4226DA}.Release|Any CPU.Build.0 = Release|Any CPU
		{DCA7D1CC-A975-4DE0-8903-4BD380235E91}.Debug|Any CPU.ActiveCfg = Debug|Any CPU
		{DCA7D1CC-A975-4DE0-8903-4BD380235E91}.Debug|Any CPU.Build.0 = Debug|Any CPU
		{DCA7D1CC-A975-4DE0-8903-4BD380235E91}.Release|Any CPU.ActiveCfg = Release|Any CPU
		{DCA7D1CC-A975-4DE0-8903-4BD380235E91}.Release|Any CPU.Build.0 = Release|Any CPU
	EndGlobalSection
	GlobalSection(SolutionProperties) = preSolution
		HideSolutionNode = FALSE
	EndGlobalSection
	GlobalSection(ExtensibilityGlobals) = postSolution
		SolutionGuid = {03F2D488-B293-428A-8250-C66F074B9EB4}
	EndGlobalSection
EndGlobal
