
Microsoft Visual Studio Solution File, Format Version 12.00
# Visual Studio Version 17
VisualStudioVersion = 17.2.32630.192
MinimumVisualStudioVersion = 10.0.40219.1
Project("{FAE04EC0-301F-11D3-BF4B-00C04F79EFBC}") = "Proje12_OOP_Work_01", "Proje12_OOP_Work_01.csproj", "{256B6638-59D2-4E35-84EB-7B635140E9E9}"
EndProject
Global
	GlobalSection(SolutionConfigurationPlatforms) = preSolution
		Debug|Any CPU = Debug|Any CPU
		Release|Any CPU = Release|Any CPU
	EndGlobalSection
	GlobalSection(ProjectConfigurationPlatforms) = postSolution
		{256B6638-59D2-4E35-84EB-7B635140E9E9}.Debug|Any CPU.ActiveCfg = Debug|Any CPU
		{256B6638-59D2-4E35-84EB-7B635140E9E9}.Debug|Any CPU.Build.0 = Debug|Any CPU
		{256B6638-59D2-4E35-84EB-7B635140E9E9}.Release|Any CPU.ActiveCfg = Release|Any CPU
		{256B6638-59D2-4E35-84EB-7B635140E9E9}.Release|Any CPU.Build.0 = Release|Any CPU
	EndGlobalSection
	GlobalSection(SolutionProperties) = preSolution
		HideSolutionNode = FALSE
	EndGlobalSection
	GlobalSection(ExtensibilityGlobals) = postSolution
		SolutionGuid = {0CD6AC15-8AB4-4DF4-AFC9-BB5E1A8D38D1}
	EndGlobalSection
EndGlobal
