
Microsoft Visual Studio Solution File, Format Version 12.00
# Visual Studio Version 17
VisualStudioVersion = 17.4.33110.190
MinimumVisualStudioVersion = 10.0.40219.1
Project("{FAE04EC0-301F-11D3-BF4B-00C04F79EFBC}") = "Soild06_DependencyInversion", "Soild06_DependencyInversion.csproj", "{6DDFB6E7-028E-4489-90E5-C9EDC97B68BE}"
EndProject
Global
	GlobalSection(SolutionConfigurationPlatforms) = preSolution
		Debug|Any CPU = Debug|Any CPU
		Release|Any CPU = Release|Any CPU
	EndGlobalSection
	GlobalSection(ProjectConfigurationPlatforms) = postSolution
		{6DDFB6E7-028E-4489-90E5-C9EDC97B68BE}.Debug|Any CPU.ActiveCfg = Debug|Any CPU
		{6DDFB6E7-028E-4489-90E5-C9EDC97B68BE}.Debug|Any CPU.Build.0 = Debug|Any CPU
		{6DDFB6E7-028E-4489-90E5-C9EDC97B68BE}.Release|Any CPU.ActiveCfg = Release|Any CPU
		{6DDFB6E7-028E-4489-90E5-C9EDC97B68BE}.Release|Any CPU.Build.0 = Release|Any CPU
	EndGlobalSection
	GlobalSection(SolutionProperties) = preSolution
		HideSolutionNode = FALSE
	EndGlobalSection
	GlobalSection(ExtensibilityGlobals) = postSolution
		SolutionGuid = {8E5A4758-68C8-4A02-9968-00F47339D233}
	EndGlobalSection
EndGlobal
