
Microsoft Visual Studio Solution File, Format Version 12.00
# Visual Studio Version 17
VisualStudioVersion = 17.2.32630.192
MinimumVisualStudioVersion = 10.0.40219.1
Project("{FAE04EC0-301F-11D3-BF4B-00C04F79EFBC}") = "Proje13_Diziler", "Proje13_Diziler.csproj", "{D0D09F2F-EDDF-49F4-AA1B-9AB5E5D820CA}"
EndProject
Global
	GlobalSection(SolutionConfigurationPlatforms) = preSolution
		Debug|Any CPU = Debug|Any CPU
		Release|Any CPU = Release|Any CPU
	EndGlobalSection
	GlobalSection(ProjectConfigurationPlatforms) = postSolution
		{D0D09F2F-EDDF-49F4-AA1B-9AB5E5D820CA}.Debug|Any CPU.ActiveCfg = Debug|Any CPU
		{D0D09F2F-EDDF-49F4-AA1B-9AB5E5D820CA}.Debug|Any CPU.Build.0 = Debug|Any CPU
		{D0D09F2F-EDDF-49F4-AA1B-9AB5E5D820CA}.Release|Any CPU.ActiveCfg = Release|Any CPU
		{D0D09F2F-EDDF-49F4-AA1B-9AB5E5D820CA}.Release|Any CPU.Build.0 = Release|Any CPU
	EndGlobalSection
	GlobalSection(SolutionProperties) = preSolution
		HideSolutionNode = FALSE
	EndGlobalSection
	GlobalSection(ExtensibilityGlobals) = postSolution
		SolutionGuid = {55DAFEF5-582F-48A8-A31C-C4909CA4FE8C}
	EndGlobalSection
EndGlobal
